
Microsoft Visual Studio Solution File, Format Version 12.00
Project("{2150E333-8FDC-42A3-9474-1A3956D46DE8}") = "Services", "Services", "{2EFD62A6-9E4C-447B-99CE-9A97E549AF8F}"
EndProject
Project("{2150E333-8FDC-42A3-9474-1A3956D46DE8}") = "Catalog", "Catalog", "{01C2E7B0-7672-4862-8B9B-9BD84AD9AC0A}"
EndProject
Project("{FAE04EC0-301F-11D3-BF4B-00C04F79EFBC}") = "Catalog.API", "Services\Catalog\Catalog.API\Catalog.API.csproj", "{54E01897-9493-472D-A8A4-31BC557C9D16}"
EndProject
Project("{2150E333-8FDC-42A3-9474-1A3956D46DE8}") = "BuildingBlocks", "BuildingBlocks", "{0A96A68A-BE4B-44C4-A97A-9AE09C3D3010}"
EndProject
Project("{FAE04EC0-301F-11D3-BF4B-00C04F79EFBC}") = "BuildingBlocks", "BuildingBlocks\BuildingBlocks\BuildingBlocks.csproj", "{7AE2F31F-F6D4-4680-BDEB-320B152F2041}"
EndProject
Project("{E53339B2-1760-4266-BCC7-CA923CBCF16C}") = "docker-compose", "docker-compose.dcproj", "{6DCBEC70-4866-4297-9AD0-73928CCFA987}"
EndProject
Project("{2150E333-8FDC-42A3-9474-1A3956D46DE8}") = "Solution Items", "Solution Items", "{9D4EB777-A1FF-4278-A407-D1C31B47840D}"
EndProject
Project("{2150E333-8FDC-42A3-9474-1A3956D46DE8}") = "Basket", "Basket", "{9F8DF33F-A2D5-4AAA-9890-54E9375A9450}"
EndProject
Project("{FAE04EC0-301F-11D3-BF4B-00C04F79EFBC}") = "Basket.API", "Services\Basket\Basket.API\Basket.API.csproj", "{3096E66A-0E0C-4DE8-9513-ACC89A05DDEE}"
EndProject
Project("{2150E333-8FDC-42A3-9474-1A3956D46DE8}") = "Discount", "Discount", "{188F94B6-B3FC-443A-AC6E-13CA6F5EDC62}"
EndProject
Project("{FAE04EC0-301F-11D3-BF4B-00C04F79EFBC}") = "Discount.Grpc", "Services\Discount\Discount.Grpc\Discount.Grpc.csproj", "{FACD6144-1807-4DF2-A5A1-2757F7164D4D}"
EndProject
Project("{2150E333-8FDC-42A3-9474-1A3956D46DE8}") = "Ordering", "Ordering", "{4231C852-7751-4037-8AE0-05A913E720C6}"
EndProject
Project("{FAE04EC0-301F-11D3-BF4B-00C04F79EFBC}") = "Ordering.API", "Services\Ordering\Ordering.API\Ordering.API.csproj", "{7D7B365E-EBBA-41C6-91B7-34275DB27F76}"
EndProject
Project("{FAE04EC0-301F-11D3-BF4B-00C04F79EFBC}") = "Ordering.Domain", "Services\Ordering\Ordering.Domain\Ordering.Domain.csproj", "{7AC67BA3-CD1F-4BCB-A0EB-06517A23A841}"
EndProject
Project("{FAE04EC0-301F-11D3-BF4B-00C04F79EFBC}") = "Ordering.Infrastructure", "Services\Ordering\Ordering.Infrastructure\Ordering.Infrastructure.csproj", "{35E8F4C0-9131-472B-AA97-996ABFE47AE1}"
EndProject
Project("{FAE04EC0-301F-11D3-BF4B-00C04F79EFBC}") = "Ordering.Application", "Services\Ordering\Ordering.Application\Ordering.Application.csproj", "{6B9A9130-A194-406D-9A60-8D37CCC1F952}"
EndProject
Global
	GlobalSection(SolutionConfigurationPlatforms) = preSolution
		Debug|Any CPU = Debug|Any CPU
		Release|Any CPU = Release|Any CPU
	EndGlobalSection
	GlobalSection(NestedProjects) = preSolution
		{01C2E7B0-7672-4862-8B9B-9BD84AD9AC0A} = {2EFD62A6-9E4C-447B-99CE-9A97E549AF8F}
		{54E01897-9493-472D-A8A4-31BC557C9D16} = {01C2E7B0-7672-4862-8B9B-9BD84AD9AC0A}
		{7AE2F31F-F6D4-4680-BDEB-320B152F2041} = {0A96A68A-BE4B-44C4-A97A-9AE09C3D3010}
		{9F8DF33F-A2D5-4AAA-9890-54E9375A9450} = {2EFD62A6-9E4C-447B-99CE-9A97E549AF8F}
		{3096E66A-0E0C-4DE8-9513-ACC89A05DDEE} = {9F8DF33F-A2D5-4AAA-9890-54E9375A9450}
		{188F94B6-B3FC-443A-AC6E-13CA6F5EDC62} = {2EFD62A6-9E4C-447B-99CE-9A97E549AF8F}
		{FACD6144-1807-4DF2-A5A1-2757F7164D4D} = {188F94B6-B3FC-443A-AC6E-13CA6F5EDC62}
		{4231C852-7751-4037-8AE0-05A913E720C6} = {2EFD62A6-9E4C-447B-99CE-9A97E549AF8F}
		{7D7B365E-EBBA-41C6-91B7-34275DB27F76} = {4231C852-7751-4037-8AE0-05A913E720C6}
		{7AC67BA3-CD1F-4BCB-A0EB-06517A23A841} = {4231C852-7751-4037-8AE0-05A913E720C6}
		{35E8F4C0-9131-472B-AA97-996ABFE47AE1} = {4231C852-7751-4037-8AE0-05A913E720C6}
		{6B9A9130-A194-406D-9A60-8D37CCC1F952} = {4231C852-7751-4037-8AE0-05A913E720C6}
	EndGlobalSection
	GlobalSection(ProjectConfigurationPlatforms) = postSolution
		{6DCBEC70-4866-4297-9AD0-73928CCFA987}.Debug|Any CPU.ActiveCfg = Debug|Any CPU
					{6DCBEC70-4866-4297-9AD0-73928CCFA987}.Debug|Any CPU.Build.0 = Debug|Any CPU
					{6DCBEC70-4866-4297-9AD0-73928CCFA987}.Release|Any CPU.ActiveCfg = Release|Any CPU
					{6DCBEC70-4866-4297-9AD0-73928CCFA987}.Release|Any CPU.Build.0 = Release|Any CPU
		{54E01897-9493-472D-A8A4-31BC557C9D16}.Debug|Any CPU.ActiveCfg = Debug|Any CPU
		{54E01897-9493-472D-A8A4-31BC557C9D16}.Debug|Any CPU.Build.0 = Debug|Any CPU
		{54E01897-9493-472D-A8A4-31BC557C9D16}.Release|Any CPU.ActiveCfg = Release|Any CPU
		{54E01897-9493-472D-A8A4-31BC557C9D16}.Release|Any CPU.Build.0 = Release|Any CPU
		{7AE2F31F-F6D4-4680-BDEB-320B152F2041}.Debug|Any CPU.ActiveCfg = Debug|Any CPU
		{7AE2F31F-F6D4-4680-BDEB-320B152F2041}.Debug|Any CPU.Build.0 = Debug|Any CPU
		{7AE2F31F-F6D4-4680-BDEB-320B152F2041}.Release|Any CPU.ActiveCfg = Release|Any CPU
		{7AE2F31F-F6D4-4680-BDEB-320B152F2041}.Release|Any CPU.Build.0 = Release|Any CPU
		{3096E66A-0E0C-4DE8-9513-ACC89A05DDEE}.Debug|Any CPU.ActiveCfg = Debug|Any CPU
		{3096E66A-0E0C-4DE8-9513-ACC89A05DDEE}.Debug|Any CPU.Build.0 = Debug|Any CPU
		{3096E66A-0E0C-4DE8-9513-ACC89A05DDEE}.Release|Any CPU.ActiveCfg = Release|Any CPU
		{3096E66A-0E0C-4DE8-9513-ACC89A05DDEE}.Release|Any CPU.Build.0 = Release|Any CPU
		{FACD6144-1807-4DF2-A5A1-2757F7164D4D}.Debug|Any CPU.ActiveCfg = Debug|Any CPU
		{FACD6144-1807-4DF2-A5A1-2757F7164D4D}.Debug|Any CPU.Build.0 = Debug|Any CPU
		{FACD6144-1807-4DF2-A5A1-2757F7164D4D}.Release|Any CPU.ActiveCfg = Release|Any CPU
		{FACD6144-1807-4DF2-A5A1-2757F7164D4D}.Release|Any CPU.Build.0 = Release|Any CPU
		{7D7B365E-EBBA-41C6-91B7-34275DB27F76}.Debug|Any CPU.ActiveCfg = Debug|Any CPU
		{7D7B365E-EBBA-41C6-91B7-34275DB27F76}.Debug|Any CPU.Build.0 = Debug|Any CPU
		{7D7B365E-EBBA-41C6-91B7-34275DB27F76}.Release|Any CPU.ActiveCfg = Release|Any CPU
		{7D7B365E-EBBA-41C6-91B7-34275DB27F76}.Release|Any CPU.Build.0 = Release|Any CPU
		{7AC67BA3-CD1F-4BCB-A0EB-06517A23A841}.Debug|Any CPU.ActiveCfg = Debug|Any CPU
		{7AC67BA3-CD1F-4BCB-A0EB-06517A23A841}.Debug|Any CPU.Build.0 = Debug|Any CPU
		{7AC67BA3-CD1F-4BCB-A0EB-06517A23A841}.Release|Any CPU.ActiveCfg = Release|Any CPU
		{7AC67BA3-CD1F-4BCB-A0EB-06517A23A841}.Release|Any CPU.Build.0 = Release|Any CPU
		{35E8F4C0-9131-472B-AA97-996ABFE47AE1}.Debug|Any CPU.ActiveCfg = Debug|Any CPU
		{35E8F4C0-9131-472B-AA97-996ABFE47AE1}.Debug|Any CPU.Build.0 = Debug|Any CPU
		{35E8F4C0-9131-472B-AA97-996ABFE47AE1}.Release|Any CPU.ActiveCfg = Release|Any CPU
		{35E8F4C0-9131-472B-AA97-996ABFE47AE1}.Release|Any CPU.Build.0 = Release|Any CPU
		{6B9A9130-A194-406D-9A60-8D37CCC1F952}.Debug|Any CPU.ActiveCfg = Debug|Any CPU
		{6B9A9130-A194-406D-9A60-8D37CCC1F952}.Debug|Any CPU.Build.0 = Debug|Any CPU
		{6B9A9130-A194-406D-9A60-8D37CCC1F952}.Release|Any CPU.ActiveCfg = Release|Any CPU
		{6B9A9130-A194-406D-9A60-8D37CCC1F952}.Release|Any CPU.Build.0 = Release|Any CPU
	EndGlobalSection
EndGlobal
